
Microsoft Visual Studio Solution File, Format Version 12.00
# Visual Studio 15
VisualStudioVersion = 15.0.26730.12
MinimumVisualStudioVersion = 10.0.40219.1
Project("{FAE04EC0-301F-11D3-BF4B-00C04F79EFBC}") = "afs", "afs\afs.csproj", "{DDCAF2E9-0593-443C-A58A-C339B3A7AD23}"
EndProject
Global
	GlobalSection(SolutionConfigurationPlatforms) = preSolution
		Debug|Any CPU = Debug|Any CPU
		Release|Any CPU = Release|Any CPU
	EndGlobalSection
	GlobalSection(ProjectConfigurationPlatforms) = postSolution
		{DDCAF2E9-0593-443C-A58A-C339B3A7AD23}.Debug|Any CPU.ActiveCfg = Debug|Any CPU
		{DDCAF2E9-0593-443C-A58A-C339B3A7AD23}.Debug|Any CPU.Build.0 = Debug|Any CPU
		{DDCAF2E9-0593-443C-A58A-C339B3A7AD23}.Release|Any CPU.ActiveCfg = Release|Any CPU
		{DDCAF2E9-0593-443C-A58A-C339B3A7AD23}.Release|Any CPU.Build.0 = Release|Any CPU
	EndGlobalSection
	GlobalSection(SolutionProperties) = preSolution
		HideSolutionNode = FALSE
	EndGlobalSection
	GlobalSection(ExtensibilityGlobals) = postSolution
		SolutionGuid = {631D1726-AF63-44A1-9378-82B8EB47A937}
	EndGlobalSection
EndGlobal
