
Microsoft Visual Studio Solution File, Format Version 12.00
# Visual Studio 15
VisualStudioVersion = 15.0.27004.2010
MinimumVisualStudioVersion = 10.0.40219.1
Project("{FAE04EC0-301F-11D3-BF4B-00C04F79EFBC}") = "ConsoleApp1", "ConsoleApp1\ConsoleApp1.csproj", "{903BB61E-C92D-4E04-A63B-B8CEB7CB4C67}"
EndProject
Global
	GlobalSection(SolutionConfigurationPlatforms) = preSolution
		Debug|Any CPU = Debug|Any CPU
		Release|Any CPU = Release|Any CPU
	EndGlobalSection
	GlobalSection(ProjectConfigurationPlatforms) = postSolution
		{903BB61E-C92D-4E04-A63B-B8CEB7CB4C67}.Debug|Any CPU.ActiveCfg = Debug|Any CPU
		{903BB61E-C92D-4E04-A63B-B8CEB7CB4C67}.Debug|Any CPU.Build.0 = Debug|Any CPU
		{903BB61E-C92D-4E04-A63B-B8CEB7CB4C67}.Release|Any CPU.ActiveCfg = Release|Any CPU
		{903BB61E-C92D-4E04-A63B-B8CEB7CB4C67}.Release|Any CPU.Build.0 = Release|Any CPU
	EndGlobalSection
	GlobalSection(SolutionProperties) = preSolution
		HideSolutionNode = FALSE
	EndGlobalSection
	GlobalSection(ExtensibilityGlobals) = postSolution
		SolutionGuid = {5681165D-53F8-4326-8702-62B86C26D635}
	EndGlobalSection
EndGlobal
